// !$*UTF8*$!
{
	archiveVersion = 1;
	classes = {
	};
	objectVersion = 55;
	objects = {

/* Begin PBXBuildFile section */
		2C70B22728F96F48005393DC /* AppDelegate.swift in Sources */ = {isa = PBXBuildFile; fileRef = 2C70B22628F96F48005393DC /* AppDelegate.swift */; };
		2C70B22928F96F48005393DC /* SceneDelegate.swift in Sources */ = {isa = PBXBuildFile; fileRef = 2C70B22828F96F48005393DC /* SceneDelegate.swift */; };
		2C70B23028F96F4D005393DC /* Assets.xcassets in Resources */ = {isa = PBXBuildFile; fileRef = 2C70B22F28F96F4D005393DC /* Assets.xcassets */; };
		2C70B23E28F970D6005393DC /* TrafficLight.swift in Sources */ = {isa = PBXBuildFile; fileRef = 2C70B23D28F970D6005393DC /* TrafficLight.swift */; };
		2C70B24128F971AA005393DC /* TrafficLightService.swift in Sources */ = {isa = PBXBuildFile; fileRef = 2C70B24028F971AA005393DC /* TrafficLightService.swift */; };
		2C70B24328F9E41A005393DC /* TrafficLightPresenter.swift in Sources */ = {isa = PBXBuildFile; fileRef = 2C70B24228F9E41A005393DC /* TrafficLightPresenter.swift */; };
		2C70B24528F9E527005393DC /* TraficViewController.swift in Sources */ = {isa = PBXBuildFile; fileRef = 2C70B24428F9E527005393DC /* TraficViewController.swift */; };
		2C70B24728F9E688005393DC /* DescriptionLabel.swift in Sources */ = {isa = PBXBuildFile; fileRef = 2C70B24628F9E688005393DC /* DescriptionLabel.swift */; };
		2C70B24A28F9EAE3005393DC /* TrafficLightView.swift in Sources */ = {isa = PBXBuildFile; fileRef = 2C70B24928F9EAE3005393DC /* TrafficLightView.swift */; };
		2C70B24C28F9EC41005393DC /* TrafficColor.swift in Sources */ = {isa = PBXBuildFile; fileRef = 2C70B24B28F9EC41005393DC /* TrafficColor.swift */; };
		2C70B24E28F9EEB9005393DC /* TrafficLights.swift in Sources */ = {isa = PBXBuildFile; fileRef = 2C70B24D28F9EEB9005393DC /* TrafficLights.swift */; };
/* End PBXBuildFile section */

/* Begin PBXFileReference section */
		2C70B22328F96F48005393DC /* MVP.app */ = {isa = PBXFileReference; explicitFileType = wrapper.application; includeInIndex = 0; path = MVP.app; sourceTree = BUILT_PRODUCTS_DIR; };
		2C70B22628F96F48005393DC /* AppDelegate.swift */ = {isa = PBXFileReference; lastKnownFileType = sourcecode.swift; path = AppDelegate.swift; sourceTree = "<group>"; };
		2C70B22828F96F48005393DC /* SceneDelegate.swift */ = {isa = PBXFileReference; lastKnownFileType = sourcecode.swift; path = SceneDelegate.swift; sourceTree = "<group>"; };
		2C70B22F28F96F4D005393DC /* Assets.xcassets */ = {isa = PBXFileReference; lastKnownFileType = folder.assetcatalog; path = Assets.xcassets; sourceTree = "<group>"; };
		2C70B23428F96F4D005393DC /* Info.plist */ = {isa = PBXFileReference; lastKnownFileType = text.plist.xml; path = Info.plist; sourceTree = "<group>"; };
		2C70B23D28F970D6005393DC /* TrafficLight.swift */ = {isa = PBXFileReference; lastKnownFileType = sourcecode.swift; path = TrafficLight.swift; sourceTree = "<group>"; };
		2C70B24028F971AA005393DC /* TrafficLightService.swift */ = {isa = PBXFileReference; lastKnownFileType = sourcecode.swift; path = TrafficLightService.swift; sourceTree = "<group>"; };
		2C70B24228F9E41A005393DC /* TrafficLightPresenter.swift */ = {isa = PBXFileReference; lastKnownFileType = sourcecode.swift; path = TrafficLightPresenter.swift; sourceTree = "<group>"; };
		2C70B24428F9E527005393DC /* TraficViewController.swift */ = {isa = PBXFileReference; lastKnownFileType = sourcecode.swift; path = TraficViewController.swift; sourceTree = "<group>"; };
		2C70B24628F9E688005393DC /* DescriptionLabel.swift */ = {isa = PBXFileReference; lastKnownFileType = sourcecode.swift; path = DescriptionLabel.swift; sourceTree = "<group>"; };
		2C70B24928F9EAE3005393DC /* TrafficLightView.swift */ = {isa = PBXFileReference; lastKnownFileType = sourcecode.swift; path = TrafficLightView.swift; sourceTree = "<group>"; };
		2C70B24B28F9EC41005393DC /* TrafficColor.swift */ = {isa = PBXFileReference; lastKnownFileType = sourcecode.swift; path = TrafficColor.swift; sourceTree = "<group>"; };
		2C70B24D28F9EEB9005393DC /* TrafficLights.swift */ = {isa = PBXFileReference; lastKnownFileType = sourcecode.swift; path = TrafficLights.swift; sourceTree = "<group>"; };
/* End PBXFileReference section */

/* Begin PBXFrameworksBuildPhase section */
		2C70B22028F96F48005393DC /* Frameworks */ = {
			isa = PBXFrameworksBuildPhase;
			buildActionMask = 2147483647;
			files = (
			);
			runOnlyForDeploymentPostprocessing = 0;
		};
/* End PBXFrameworksBuildPhase section */

/* Begin PBXGroup section */
		2C70B21A28F96F48005393DC = {
			isa = PBXGroup;
			children = (
				2C70B22528F96F48005393DC /* MVP */,
				2C70B22428F96F48005393DC /* Products */,
			);
			sourceTree = "<group>";
		};
		2C70B22428F96F48005393DC /* Products */ = {
			isa = PBXGroup;
			children = (
				2C70B22328F96F48005393DC /* MVP.app */,
			);
			name = Products;
			sourceTree = "<group>";
		};
		2C70B22528F96F48005393DC /* MVP */ = {
			isa = PBXGroup;
			children = (
				2C70B23F28F97181005393DC /* Data Source */,
				2C70B23C28F97078005393DC /* Presenters */,
				2C70B23B28F9706E005393DC /* Views */,
				2C70B23A28F97065005393DC /* Models */,
				2C70B24828F9EAA8005393DC /* Supporting files */,
				2C70B22F28F96F4D005393DC /* Assets.xcassets */,
				2C70B23428F96F4D005393DC /* Info.plist */,
			);
			path = MVP;
			sourceTree = "<group>";
		};
		2C70B23A28F97065005393DC /* Models */ = {
			isa = PBXGroup;
			children = (
				2C70B23D28F970D6005393DC /* TrafficLight.swift */,
				2C70B24B28F9EC41005393DC /* TrafficColor.swift */,
			);
			path = Models;
			sourceTree = "<group>";
		};
		2C70B23B28F9706E005393DC /* Views */ = {
			isa = PBXGroup;
			children = (
				2C70B24428F9E527005393DC /* TraficViewController.swift */,
				2C70B24628F9E688005393DC /* DescriptionLabel.swift */,
				2C70B24928F9EAE3005393DC /* TrafficLightView.swift */,
			);
			path = Views;
			sourceTree = "<group>";
		};
		2C70B23C28F97078005393DC /* Presenters */ = {
			isa = PBXGroup;
			children = (
				2C70B24228F9E41A005393DC /* TrafficLightPresenter.swift */,
			);
			path = Presenters;
			sourceTree = "<group>";
		};
		2C70B23F28F97181005393DC /* Data Source */ = {
			isa = PBXGroup;
			children = (
				2C70B24028F971AA005393DC /* TrafficLightService.swift */,
				2C70B24D28F9EEB9005393DC /* TrafficLights.swift */,
			);
			path = "Data Source";
			sourceTree = "<group>";
		};
		2C70B24828F9EAA8005393DC /* Supporting files */ = {
			isa = PBXGroup;
			children = (
				2C70B22628F96F48005393DC /* AppDelegate.swift */,
				2C70B22828F96F48005393DC /* SceneDelegate.swift */,
			);
			path = "Supporting files";
			sourceTree = "<group>";
		};
/* End PBXGroup section */

/* Begin PBXNativeTarget section */
		2C70B22228F96F48005393DC /* MVP */ = {
			isa = PBXNativeTarget;
			buildConfigurationList = 2C70B23728F96F4D005393DC /* Build configuration list for PBXNativeTarget "MVP" */;
			buildPhases = (
				2C70B21F28F96F48005393DC /* Sources */,
				2C70B22028F96F48005393DC /* Frameworks */,
				2C70B22128F96F48005393DC /* Resources */,
			);
			buildRules = (
			);
			dependencies = (
			);
			name = MVP;
			productName = MVP;
			productReference = 2C70B22328F96F48005393DC /* MVP.app */;
			productType = "com.apple.product-type.application";
		};
/* End PBXNativeTarget section */

/* Begin PBXProject section */
		2C70B21B28F96F48005393DC /* Project object */ = {
			isa = PBXProject;
			attributes = {
				BuildIndependentTargetsInParallel = 1;
				LastSwiftUpdateCheck = 1340;
				LastUpgradeCheck = 1340;
				TargetAttributes = {
					2C70B22228F96F48005393DC = {
						CreatedOnToolsVersion = 13.4.1;
					};
				};
			};
			buildConfigurationList = 2C70B21E28F96F48005393DC /* Build configuration list for PBXProject "MVP" */;
			compatibilityVersion = "Xcode 13.0";
			developmentRegion = en;
			hasScannedForEncodings = 0;
			knownRegions = (
				en,
				Base,
			);
			mainGroup = 2C70B21A28F96F48005393DC;
			productRefGroup = 2C70B22428F96F48005393DC /* Products */;
			projectDirPath = "";
			projectRoot = "";
			targets = (
				2C70B22228F96F48005393DC /* MVP */,
			);
		};
/* End PBXProject section */

/* Begin PBXResourcesBuildPhase section */
		2C70B22128F96F48005393DC /* Resources */ = {
			isa = PBXResourcesBuildPhase;
			buildActionMask = 2147483647;
			files = (
				2C70B23028F96F4D005393DC /* Assets.xcassets in Resources */,
			);
			runOnlyForDeploymentPostprocessing = 0;
		};
/* End PBXResourcesBuildPhase section */

/* Begin PBXSourcesBuildPhase section */
		2C70B21F28F96F48005393DC /* Sources */ = {
			isa = PBXSourcesBuildPhase;
			buildActionMask = 2147483647;
			files = (
				2C70B23E28F970D6005393DC /* TrafficLight.swift in Sources */,
				2C70B24128F971AA005393DC /* TrafficLightService.swift in Sources */,
				2C70B24328F9E41A005393DC /* TrafficLightPresenter.swift in Sources */,
				2C70B24A28F9EAE3005393DC /* TrafficLightView.swift in Sources */,
				2C70B24C28F9EC41005393DC /* TrafficColor.swift in Sources */,
				2C70B22728F96F48005393DC /* AppDelegate.swift in Sources */,
				2C70B24E28F9EEB9005393DC /* TrafficLights.swift in Sources */,
				2C70B24728F9E688005393DC /* DescriptionLabel.swift in Sources */,
				2C70B22928F96F48005393DC /* SceneDelegate.swift in Sources */,
				2C70B24528F9E527005393DC /* TraficViewController.swift in Sources */,
			);
			runOnlyForDeploymentPostprocessing = 0;
		};
/* End PBXSourcesBuildPhase section */

/* Begin XCBuildConfiguration section */
		2C70B23528F96F4D005393DC /* Debug */ = {
			isa = XCBuildConfiguration;
			buildSettings = {
				ALWAYS_SEARCH_USER_PATHS = NO;
				CLANG_ANALYZER_NONNULL = YES;
				CLANG_ANALYZER_NUMBER_OBJECT_CONVERSION = YES_AGGRESSIVE;
				CLANG_CXX_LANGUAGE_STANDARD = "gnu++17";
				CLANG_ENABLE_MODULES = YES;
				CLANG_ENABLE_OBJC_ARC = YES;
				CLANG_ENABLE_OBJC_WEAK = YES;
				CLANG_WARN_BLOCK_CAPTURE_AUTORELEASING = YES;
				CLANG_WARN_BOOL_CONVERSION = YES;
				CLANG_WARN_COMMA = YES;
				CLANG_WARN_CONSTANT_CONVERSION = YES;
				CLANG_WARN_DEPRECATED_OBJC_IMPLEMENTATIONS = YES;
				CLANG_WARN_DIRECT_OBJC_ISA_USAGE = YES_ERROR;
				CLANG_WARN_DOCUMENTATION_COMMENTS = YES;
				CLANG_WARN_EMPTY_BODY = YES;
				CLANG_WARN_ENUM_CONVERSION = YES;
				CLANG_WARN_INFINITE_RECURSION = YES;
				CLANG_WARN_INT_CONVERSION = YES;
				CLANG_WARN_NON_LITERAL_NULL_CONVERSION = YES;
				CLANG_WARN_OBJC_IMPLICIT_RETAIN_SELF = YES;
				CLANG_WARN_OBJC_LITERAL_CONVERSION = YES;
				CLANG_WARN_OBJC_ROOT_CLASS = YES_ERROR;
				CLANG_WARN_QUOTED_INCLUDE_IN_FRAMEWORK_HEADER = YES;
				CLANG_WARN_RANGE_LOOP_ANALYSIS = YES;
				CLANG_WARN_STRICT_PROTOTYPES = YES;
				CLANG_WARN_SUSPICIOUS_MOVE = YES;
				CLANG_WARN_UNGUARDED_AVAILABILITY = YES_AGGRESSIVE;
				CLANG_WARN_UNREACHABLE_CODE = YES;
				CLANG_WARN__DUPLICATE_METHOD_MATCH = YES;
				COPY_PHASE_STRIP = NO;
				DEBUG_INFORMATION_FORMAT = dwarf;
				ENABLE_STRICT_OBJC_MSGSEND = YES;
				ENABLE_TESTABILITY = YES;
				GCC_C_LANGUAGE_STANDARD = gnu11;
				GCC_DYNAMIC_NO_PIC = NO;
				GCC_NO_COMMON_BLOCKS = YES;
				GCC_OPTIMIZATION_LEVEL = 0;
				GCC_PREPROCESSOR_DEFINITIONS = (
					"DEBUG=1",
					"$(inherited)",
				);
				GCC_WARN_64_TO_32_BIT_CONVERSION = YES;
				GCC_WARN_ABOUT_RETURN_TYPE = YES_ERROR;
				GCC_WARN_UNDECLARED_SELECTOR = YES;
				GCC_WARN_UNINITIALIZED_AUTOS = YES_AGGRESSIVE;
				GCC_WARN_UNUSED_FUNCTION = YES;
				GCC_WARN_UNUSED_VARIABLE = YES;
				IPHONEOS_DEPLOYMENT_TARGET = 15.5;
				MTL_ENABLE_DEBUG_INFO = INCLUDE_SOURCE;
				MTL_FAST_MATH = YES;
				ONLY_ACTIVE_ARCH = YES;
				SDKROOT = iphoneos;
				SWIFT_ACTIVE_COMPILATION_CONDITIONS = DEBUG;
				SWIFT_OPTIMIZATION_LEVEL = "-Onone";
			};
			name = Debug;
		};
		2C70B23628F96F4D005393DC /* Release */ = {
			isa = XCBuildConfiguration;
			buildSettings = {
				ALWAYS_SEARCH_USER_PATHS = NO;
				CLANG_ANALYZER_NONNULL = YES;
				CLANG_ANALYZER_NUMBER_OBJECT_CONVERSION = YES_AGGRESSIVE;
				CLANG_CXX_LANGUAGE_STANDARD = "gnu++17";
				CLANG_ENABLE_MODULES = YES;
				CLANG_ENABLE_OBJC_ARC = YES;
				CLANG_ENABLE_OBJC_WEAK = YES;
				CLANG_WARN_BLOCK_CAPTURE_AUTORELEASING = YES;
				CLANG_WARN_BOOL_CONVERSION = YES;
				CLANG_WARN_COMMA = YES;
				CLANG_WARN_CONSTANT_CONVERSION = YES;
				CLANG_WARN_DEPRECATED_OBJC_IMPLEMENTATIONS = YES;
				CLANG_WARN_DIRECT_OBJC_ISA_USAGE = YES_ERROR;
				CLANG_WARN_DOCUMENTATION_COMMENTS = YES;
				CLANG_WARN_EMPTY_BODY = YES;
				CLANG_WARN_ENUM_CONVERSION = YES;
				CLANG_WARN_INFINITE_RECURSION = YES;
				CLANG_WARN_INT_CONVERSION = YES;
				CLANG_WARN_NON_LITERAL_NULL_CONVERSION = YES;
				CLANG_WARN_OBJC_IMPLICIT_RETAIN_SELF = YES;
				CLANG_WARN_OBJC_LITERAL_CONVERSION = YES;
				CLANG_WARN_OBJC_ROOT_CLASS = YES_ERROR;
				CLANG_WARN_QUOTED_INCLUDE_IN_FRAMEWORK_HEADER = YES;
				CLANG_WARN_RANGE_LOOP_ANALYSIS = YES;
				CLANG_WARN_STRICT_PROTOTYPES = YES;
				CLANG_WARN_SUSPICIOUS_MOVE = YES;
				CLANG_WARN_UNGUARDED_AVAILABILITY = YES_AGGRESSIVE;
				CLANG_WARN_UNREACHABLE_CODE = YES;
				CLANG_WARN__DUPLICATE_METHOD_MATCH = YES;
				COPY_PHASE_STRIP = NO;
				DEBUG_INFORMATION_FORMAT = "dwarf-with-dsym";
				ENABLE_NS_ASSERTIONS = NO;
				ENABLE_STRICT_OBJC_MSGSEND = YES;
				GCC_C_LANGUAGE_STANDARD = gnu11;
				GCC_NO_COMMON_BLOCKS = YES;
				GCC_WARN_64_TO_32_BIT_CONVERSION = YES;
				GCC_WARN_ABOUT_RETURN_TYPE = YES_ERROR;
				GCC_WARN_UNDECLARED_SELECTOR = YES;
				GCC_WARN_UNINITIALIZED_AUTOS = YES_AGGRESSIVE;
				GCC_WARN_UNUSED_FUNCTION = YES;
				GCC_WARN_UNUSED_VARIABLE = YES;
				IPHONEOS_DEPLOYMENT_TARGET = 15.5;
				MTL_ENABLE_DEBUG_INFO = NO;
				MTL_FAST_MATH = YES;
				SDKROOT = iphoneos;
				SWIFT_COMPILATION_MODE = wholemodule;
				SWIFT_OPTIMIZATION_LEVEL = "-O";
				VALIDATE_PRODUCT = YES;
			};
			name = Release;
		};
		2C70B23828F96F4D005393DC /* Debug */ = {
			isa = XCBuildConfiguration;
			buildSettings = {
				ASSETCATALOG_COMPILER_APPICON_NAME = AppIcon;
				ASSETCATALOG_COMPILER_GLOBAL_ACCENT_COLOR_NAME = AccentColor;
				CODE_SIGN_STYLE = Automatic;
				CURRENT_PROJECT_VERSION = 1;
				DEVELOPMENT_TEAM = 4LM2FRMCNV;
				GENERATE_INFOPLIST_FILE = YES;
				INFOPLIST_FILE = MVP/Info.plist;
				INFOPLIST_KEY_UIApplicationSupportsIndirectInputEvents = YES;
				INFOPLIST_KEY_UILaunchStoryboardName = LaunchScreen;
				INFOPLIST_KEY_UISupportedInterfaceOrientations_iPad = "UIInterfaceOrientationPortrait UIInterfaceOrientationPortraitUpsideDown UIInterfaceOrientationLandscapeLeft UIInterfaceOrientationLandscapeRight";
				INFOPLIST_KEY_UISupportedInterfaceOrientations_iPhone = "UIInterfaceOrientationPortrait UIInterfaceOrientationLandscapeLeft UIInterfaceOrientationLandscapeRight";
				LD_RUNPATH_SEARCH_PATHS = (
					"$(inherited)",
					"@executable_path/Frameworks",
				);
				MARKETING_VERSION = 1.0;
				PRODUCT_BUNDLE_IDENTIFIER = "Gleb-Fandeev.MVP";
				PRODUCT_NAME = "$(TARGET_NAME)";
				SWIFT_EMIT_LOC_STRINGS = YES;
				SWIFT_VERSION = 5.0;
				TARGETED_DEVICE_FAMILY = "1,2";
			};
			name = Debug;
		};
		2C70B23928F96F4D005393DC /* Release */ = {
			isa = XCBuildConfiguration;
			buildSettings = {
				ASSETCATALOG_COMPILER_APPICON_NAME = AppIcon;
				ASSETCATALOG_COMPILER_GLOBAL_ACCENT_COLOR_NAME = AccentColor;
				CODE_SIGN_STYLE = Automatic;
				CURRENT_PROJECT_VERSION = 1;
				DEVELOPMENT_TEAM = 4LM2FRMCNV;
				GENERATE_INFOPLIST_FILE = YES;
				INFOPLIST_FILE = MVP/Info.plist;
				INFOPLIST_KEY_UIApplicationSupportsIndirectInputEvents = YES;
				INFOPLIST_KEY_UILaunchStoryboardName = LaunchScreen;
				INFOPLIST_KEY_UISupportedInterfaceOrientations_iPad = "UIInterfaceOrientationPortrait UIInterfaceOrientationPortraitUpsideDown UIInterfaceOrientationLandscapeLeft UIInterfaceOrientationLandscapeRight";
				INFOPLIST_KEY_UISupportedInterfaceOrientations_iPhone = "UIInterfaceOrientationPortrait UIInterfaceOrientationLandscapeLeft UIInterfaceOrientationLandscapeRight";
				LD_RUNPATH_SEARCH_PATHS = (
					"$(inherited)",
					"@executable_path/Frameworks",
				);
				MARKETING_VERSION = 1.0;
				PRODUCT_BUNDLE_IDENTIFIER = "Gleb-Fandeev.MVP";
				PRODUCT_NAME = "$(TARGET_NAME)";
				SWIFT_EMIT_LOC_STRINGS = YES;
				SWIFT_VERSION = 5.0;
				TARGETED_DEVICE_FAMILY = "1,2";
			};
			name = Release;
		};
/* End XCBuildConfiguration section */

/* Begin XCConfigurationList section */
		2C70B21E28F96F48005393DC /* Build configuration list for PBXProject "MVP" */ = {
			isa = XCConfigurationList;
			buildConfigurations = (
				2C70B23528F96F4D005393DC /* Debug */,
				2C70B23628F96F4D005393DC /* Release */,
			);
			defaultConfigurationIsVisible = 0;
			defaultConfigurationName = Release;
		};
		2C70B23728F96F4D005393DC /* Build configuration list for PBXNativeTarget "MVP" */ = {
			isa = XCConfigurationList;
			buildConfigurations = (
				2C70B23828F96F4D005393DC /* Debug */,
				2C70B23928F96F4D005393DC /* Release */,
			);
			defaultConfigurationIsVisible = 0;
			defaultConfigurationName = Release;
		};
/* End XCConfigurationList section */
	};
	rootObject = 2C70B21B28F96F48005393DC /* Project object */;
}
